
Microsoft Visual Studio Solution File, Format Version 12.00
# Visual Studio Version 17
VisualStudioVersion = 17.10.35122.118
MinimumVisualStudioVersion = 10.0.40219.1
Project("{FAE04EC0-301F-11D3-BF4B-00C04F79EFBC}") = "TESTUS1", "TESTUS1\TESTUS1.csproj", "{A41BD0D2-6EC9-4F0F-AB47-3C67393A8623}"
EndProject
Global
	GlobalSection(SolutionConfigurationPlatforms) = preSolution
		Debug|Any CPU = Debug|Any CPU
		Release|Any CPU = Release|Any CPU
	EndGlobalSection
	GlobalSection(ProjectConfigurationPlatforms) = postSolution
		{A41BD0D2-6EC9-4F0F-AB47-3C67393A8623}.Debug|Any CPU.ActiveCfg = Debug|Any CPU
		{A41BD0D2-6EC9-4F0F-AB47-3C67393A8623}.Debug|Any CPU.Build.0 = Debug|Any CPU
		{A41BD0D2-6EC9-4F0F-AB47-3C67393A8623}.Release|Any CPU.ActiveCfg = Release|Any CPU
		{A41BD0D2-6EC9-4F0F-AB47-3C67393A8623}.Release|Any CPU.Build.0 = Release|Any CPU
	EndGlobalSection
	GlobalSection(SolutionProperties) = preSolution
		HideSolutionNode = FALSE
	EndGlobalSection
	GlobalSection(ExtensibilityGlobals) = postSolution
		SolutionGuid = {85DFB8FC-8F25-4B4B-BC6F-89C065CA6973}
	EndGlobalSection
EndGlobal
